// !$*UTF8*$!
{
	archiveVersion = 1;
	classes = {
	};
	objectVersion = 55;
	objects = {

/* Begin PBXBuildFile section */
		BE270D53279CE8EE00CFDAFF /* TestGitApp.swift in Sources */ = {isa = PBXBuildFile; fileRef = BE270D52279CE8EE00CFDAFF /* TestGitApp.swift */; };
		BE270D55279CE8EE00CFDAFF /* ContentView.swift in Sources */ = {isa = PBXBuildFile; fileRef = BE270D54279CE8EE00CFDAFF /* ContentView.swift */; };
		BE270D57279CE8F000CFDAFF /* Assets.xcassets in Resources */ = {isa = PBXBuildFile; fileRef = BE270D56279CE8F000CFDAFF /* Assets.xcassets */; };
		BE270D5A279CE8F000CFDAFF /* Preview Assets.xcassets in Resources */ = {isa = PBXBuildFile; fileRef = BE270D59279CE8F000CFDAFF /* Preview Assets.xcassets */; };
		BE270D64279CE8F000CFDAFF /* TestGitTests.swift in Sources */ = {isa = PBXBuildFile; fileRef = BE270D63279CE8F000CFDAFF /* TestGitTests.swift */; };
		BE270D6E279CE8F000CFDAFF /* TestGitUITests.swift in Sources */ = {isa = PBXBuildFile; fileRef = BE270D6D279CE8F000CFDAFF /* TestGitUITests.swift */; };
		BE270D70279CE8F000CFDAFF /* TestGitUITestsLaunchTests.swift in Sources */ = {isa = PBXBuildFile; fileRef = BE270D6F279CE8F000CFDAFF /* TestGitUITestsLaunchTests.swift */; };
/* End PBXBuildFile section */

/* Begin PBXContainerItemProxy section */
		BE270D60279CE8F000CFDAFF /* PBXContainerItemProxy */ = {
			isa = PBXContainerItemProxy;
			containerPortal = BE270D47279CE8EE00CFDAFF /* Project object */;
			proxyType = 1;
			remoteGlobalIDString = BE270D4E279CE8EE00CFDAFF;
			remoteInfo = TestGit;
		};
		BE270D6A279CE8F000CFDAFF /* PBXContainerItemProxy */ = {
			isa = PBXContainerItemProxy;
			containerPortal = BE270D47279CE8EE00CFDAFF /* Project object */;
			proxyType = 1;
			remoteGlobalIDString = BE270D4E279CE8EE00CFDAFF;
			remoteInfo = TestGit;
		};
/* End PBXContainerItemProxy section */

/* Begin PBXFileReference section */
		BE270D4F279CE8EE00CFDAFF /* TestGit.app */ = {isa = PBXFileReference; explicitFileType = wrapper.application; includeInIndex = 0; path = TestGit.app; sourceTree = BUILT_PRODUCTS_DIR; };
		BE270D52279CE8EE00CFDAFF /* TestGitApp.swift */ = {isa = PBXFileReference; lastKnownFileType = sourcecode.swift; path = TestGitApp.swift; sourceTree = "<group>"; };
		BE270D54279CE8EE00CFDAFF /* ContentView.swift */ = {isa = PBXFileReference; lastKnownFileType = sourcecode.swift; path = ContentView.swift; sourceTree = "<group>"; };
		BE270D56279CE8F000CFDAFF /* Assets.xcassets */ = {isa = PBXFileReference; lastKnownFileType = folder.assetcatalog; path = Assets.xcassets; sourceTree = "<group>"; };
		BE270D59279CE8F000CFDAFF /* Preview Assets.xcassets */ = {isa = PBXFileReference; lastKnownFileType = folder.assetcatalog; path = "Preview Assets.xcassets"; sourceTree = "<group>"; };
		BE270D5F279CE8F000CFDAFF /* TestGitTests.xctest */ = {isa = PBXFileReference; explicitFileType = wrapper.cfbundle; includeInIndex = 0; path = TestGitTests.xctest; sourceTree = BUILT_PRODUCTS_DIR; };
		BE270D63279CE8F000CFDAFF /* TestGitTests.swift */ = {isa = PBXFileReference; lastKnownFileType = sourcecode.swift; path = TestGitTests.swift; sourceTree = "<group>"; };
		BE270D69279CE8F000CFDAFF /* TestGitUITests.xctest */ = {isa = PBXFileReference; explicitFileType = wrapper.cfbundle; includeInIndex = 0; path = TestGitUITests.xctest; sourceTree = BUILT_PRODUCTS_DIR; };
		BE270D6D279CE8F000CFDAFF /* TestGitUITests.swift */ = {isa = PBXFileReference; lastKnownFileType = sourcecode.swift; path = TestGitUITests.swift; sourceTree = "<group>"; };
		BE270D6F279CE8F000CFDAFF /* TestGitUITestsLaunchTests.swift */ = {isa = PBXFileReference; lastKnownFileType = sourcecode.swift; path = TestGitUITestsLaunchTests.swift; sourceTree = "<group>"; };
/* End PBXFileReference section */

/* Begin PBXFrameworksBuildPhase section */
		BE270D4C279CE8EE00CFDAFF /* Frameworks */ = {
			isa = PBXFrameworksBuildPhase;
			buildActionMask = 2147483647;
			files = (
			);
			runOnlyForDeploymentPostprocessing = 0;
		};
		BE270D5C279CE8F000CFDAFF /* Frameworks */ = {
			isa = PBXFrameworksBuildPhase;
			buildActionMask = 2147483647;
			files = (
			);
			runOnlyForDeploymentPostprocessing = 0;
		};
		BE270D66279CE8F000CFDAFF /* Frameworks */ = {
			isa = PBXFrameworksBuildPhase;
			buildActionMask = 2147483647;
			files = (
			);
			runOnlyForDeploymentPostprocessing = 0;
		};
/* End PBXFrameworksBuildPhase section */

/* Begin PBXGroup section */
		BE270D46279CE8EE00CFDAFF = {
			isa = PBXGroup;
			children = (
				BE270D51279CE8EE00CFDAFF /* TestGit */,
				BE270D62279CE8F000CFDAFF /* TestGitTests */,
				BE270D6C279CE8F000CFDAFF /* TestGitUITests */,
				BE270D50279CE8EE00CFDAFF /* Products */,
			);
			sourceTree = "<group>";
		};
		BE270D50279CE8EE00CFDAFF /* Products */ = {
			isa = PBXGroup;
			children = (
				BE270D4F279CE8EE00CFDAFF /* TestGit.app */,
				BE270D5F279CE8F000CFDAFF /* TestGitTests.xctest */,
				BE270D69279CE8F000CFDAFF /* TestGitUITests.xctest */,
			);
			name = Products;
			sourceTree = "<group>";
		};
		BE270D51279CE8EE00CFDAFF /* TestGit */ = {
			isa = PBXGroup;
			children = (
				BE270D52279CE8EE00CFDAFF /* TestGitApp.swift */,
				BE270D54279CE8EE00CFDAFF /* ContentView.swift */,
				BE270D56279CE8F000CFDAFF /* Assets.xcassets */,
				BE270D58279CE8F000CFDAFF /* Preview Content */,
			);
			path = TestGit;
			sourceTree = "<group>";
		};
		BE270D58279CE8F000CFDAFF /* Preview Content */ = {
			isa = PBXGroup;
			children = (
				BE270D59279CE8F000CFDAFF /* Preview Assets.xcassets */,
			);
			path = "Preview Content";
			sourceTree = "<group>";
		};
		BE270D62279CE8F000CFDAFF /* TestGitTests */ = {
			isa = PBXGroup;
			children = (
				BE270D63279CE8F000CFDAFF /* TestGitTests.swift */,
			);
			path = TestGitTests;
			sourceTree = "<group>";
		};
		BE270D6C279CE8F000CFDAFF /* TestGitUITests */ = {
			isa = PBXGroup;
			children = (
				BE270D6D279CE8F000CFDAFF /* TestGitUITests.swift */,
				BE270D6F279CE8F000CFDAFF /* TestGitUITestsLaunchTests.swift */,
			);
			path = TestGitUITests;
			sourceTree = "<group>";
		};
/* End PBXGroup section */

/* Begin PBXNativeTarget section */
		BE270D4E279CE8EE00CFDAFF /* TestGit */ = {
			isa = PBXNativeTarget;
			buildConfigurationList = BE270D73279CE8F000CFDAFF /* Build configuration list for PBXNativeTarget "TestGit" */;
			buildPhases = (
				BE270D4B279CE8EE00CFDAFF /* Sources */,
				BE270D4C279CE8EE00CFDAFF /* Frameworks */,
				BE270D4D279CE8EE00CFDAFF /* Resources */,
			);
			buildRules = (
			);
			dependencies = (
			);
			name = TestGit;
			productName = TestGit;
			productReference = BE270D4F279CE8EE00CFDAFF /* TestGit.app */;
			productType = "com.apple.product-type.application";
		};
		BE270D5E279CE8F000CFDAFF /* TestGitTests */ = {
			isa = PBXNativeTarget;
			buildConfigurationList = BE270D76279CE8F000CFDAFF /* Build configuration list for PBXNativeTarget "TestGitTests" */;
			buildPhases = (
				BE270D5B279CE8F000CFDAFF /* Sources */,
				BE270D5C279CE8F000CFDAFF /* Frameworks */,
				BE270D5D279CE8F000CFDAFF /* Resources */,
			);
			buildRules = (
			);
			dependencies = (
				BE270D61279CE8F000CFDAFF /* PBXTargetDependency */,
			);
			name = TestGitTests;
			productName = TestGitTests;
			productReference = BE270D5F279CE8F000CFDAFF /* TestGitTests.xctest */;
			productType = "com.apple.product-type.bundle.unit-test";
		};
		BE270D68279CE8F000CFDAFF /* TestGitUITests */ = {
			isa = PBXNativeTarget;
			buildConfigurationList = BE270D79279CE8F000CFDAFF /* Build configuration list for PBXNativeTarget "TestGitUITests" */;
			buildPhases = (
				BE270D65279CE8F000CFDAFF /* Sources */,
				BE270D66279CE8F000CFDAFF /* Frameworks */,
				BE270D67279CE8F000CFDAFF /* Resources */,
			);
			buildRules = (
			);
			dependencies = (
				BE270D6B279CE8F000CFDAFF /* PBXTargetDependency */,
			);
			name = TestGitUITests;
			productName = TestGitUITests;
			productReference = BE270D69279CE8F000CFDAFF /* TestGitUITests.xctest */;
			productType = "com.apple.product-type.bundle.ui-testing";
		};
/* End PBXNativeTarget section */

/* Begin PBXProject section */
		BE270D47279CE8EE00CFDAFF /* Project object */ = {
			isa = PBXProject;
			attributes = {
				BuildIndependentTargetsInParallel = 1;
				LastSwiftUpdateCheck = 1320;
				LastUpgradeCheck = 1320;
				TargetAttributes = {
					BE270D4E279CE8EE00CFDAFF = {
						CreatedOnToolsVersion = 13.2.1;
					};
					BE270D5E279CE8F000CFDAFF = {
						CreatedOnToolsVersion = 13.2.1;
						TestTargetID = BE270D4E279CE8EE00CFDAFF;
					};
					BE270D68279CE8F000CFDAFF = {
						CreatedOnToolsVersion = 13.2.1;
						TestTargetID = BE270D4E279CE8EE00CFDAFF;
					};
				};
			};
			buildConfigurationList = BE270D4A279CE8EE00CFDAFF /* Build configuration list for PBXProject "TestGit" */;
			compatibilityVersion = "Xcode 13.0";
			developmentRegion = en;
			hasScannedForEncodings = 0;
			knownRegions = (
				en,
				Base,
			);
			mainGroup = BE270D46279CE8EE00CFDAFF;
			productRefGroup = BE270D50279CE8EE00CFDAFF /* Products */;
			projectDirPath = "";
			projectRoot = "";
			targets = (
				BE270D4E279CE8EE00CFDAFF /* TestGit */,
				BE270D5E279CE8F000CFDAFF /* TestGitTests */,
				BE270D68279CE8F000CFDAFF /* TestGitUITests */,
			);
		};
/* End PBXProject section */

/* Begin PBXResourcesBuildPhase section */
		BE270D4D279CE8EE00CFDAFF /* Resources */ = {
			isa = PBXResourcesBuildPhase;
			buildActionMask = 2147483647;
			files = (
				BE270D5A279CE8F000CFDAFF /* Preview Assets.xcassets in Resources */,
				BE270D57279CE8F000CFDAFF /* Assets.xcassets in Resources */,
			);
			runOnlyForDeploymentPostprocessing = 0;
		};
		BE270D5D279CE8F000CFDAFF /* Resources */ = {
			isa = PBXResourcesBuildPhase;
			buildActionMask = 2147483647;
			files = (
			);
			runOnlyForDeploymentPostprocessing = 0;
		};
		BE270D67279CE8F000CFDAFF /* Resources */ = {
			isa = PBXResourcesBuildPhase;
			buildActionMask = 2147483647;
			files = (
			);
			runOnlyForDeploymentPostprocessing = 0;
		};
/* End PBXResourcesBuildPhase section */

/* Begin PBXSourcesBuildPhase section */
		BE270D4B279CE8EE00CFDAFF /* Sources */ = {
			isa = PBXSourcesBuildPhase;
			buildActionMask = 2147483647;
			files = (
				BE270D55279CE8EE00CFDAFF /* ContentView.swift in Sources */,
				BE270D53279CE8EE00CFDAFF /* TestGitApp.swift in Sources */,
			);
			runOnlyForDeploymentPostprocessing = 0;
		};
		BE270D5B279CE8F000CFDAFF /* Sources */ = {
			isa = PBXSourcesBuildPhase;
			buildActionMask = 2147483647;
			files = (
				BE270D64279CE8F000CFDAFF /* TestGitTests.swift in Sources */,
			);
			runOnlyForDeploymentPostprocessing = 0;
		};
		BE270D65279CE8F000CFDAFF /* Sources */ = {
			isa = PBXSourcesBuildPhase;
			buildActionMask = 2147483647;
			files = (
				BE270D6E279CE8F000CFDAFF /* TestGitUITests.swift in Sources */,
				BE270D70279CE8F000CFDAFF /* TestGitUITestsLaunchTests.swift in Sources */,
			);
			runOnlyForDeploymentPostprocessing = 0;
		};
/* End PBXSourcesBuildPhase section */

/* Begin PBXTargetDependency section */
		BE270D61279CE8F000CFDAFF /* PBXTargetDependency */ = {
			isa = PBXTargetDependency;
			target = BE270D4E279CE8EE00CFDAFF /* TestGit */;
			targetProxy = BE270D60279CE8F000CFDAFF /* PBXContainerItemProxy */;
		};
		BE270D6B279CE8F000CFDAFF /* PBXTargetDependency */ = {
			isa = PBXTargetDependency;
			target = BE270D4E279CE8EE00CFDAFF /* TestGit */;
			targetProxy = BE270D6A279CE8F000CFDAFF /* PBXContainerItemProxy */;
		};
/* End PBXTargetDependency section */

/* Begin XCBuildConfiguration section */
		BE270D71279CE8F000CFDAFF /* Debug */ = {
			isa = XCBuildConfiguration;
			buildSettings = {
				ALWAYS_SEARCH_USER_PATHS = NO;
				CLANG_ANALYZER_NONNULL = YES;
				CLANG_ANALYZER_NUMBER_OBJECT_CONVERSION = YES_AGGRESSIVE;
				CLANG_CXX_LANGUAGE_STANDARD = "gnu++17";
				CLANG_CXX_LIBRARY = "libc++";
				CLANG_ENABLE_MODULES = YES;
				CLANG_ENABLE_OBJC_ARC = YES;
				CLANG_ENABLE_OBJC_WEAK = YES;
				CLANG_WARN_BLOCK_CAPTURE_AUTORELEASING = YES;
				CLANG_WARN_BOOL_CONVERSION = YES;
				CLANG_WARN_COMMA = YES;
				CLANG_WARN_CONSTANT_CONVERSION = YES;
				CLANG_WARN_DEPRECATED_OBJC_IMPLEMENTATIONS = YES;
				CLANG_WARN_DIRECT_OBJC_ISA_USAGE = YES_ERROR;
				CLANG_WARN_DOCUMENTATION_COMMENTS = YES;
				CLANG_WARN_EMPTY_BODY = YES;
				CLANG_WARN_ENUM_CONVERSION = YES;
				CLANG_WARN_INFINITE_RECURSION = YES;
				CLANG_WARN_INT_CONVERSION = YES;
				CLANG_WARN_NON_LITERAL_NULL_CONVERSION = YES;
				CLANG_WARN_OBJC_IMPLICIT_RETAIN_SELF = YES;
				CLANG_WARN_OBJC_LITERAL_CONVERSION = YES;
				CLANG_WARN_OBJC_ROOT_CLASS = YES_ERROR;
				CLANG_WARN_QUOTED_INCLUDE_IN_FRAMEWORK_HEADER = YES;
				CLANG_WARN_RANGE_LOOP_ANALYSIS = YES;
				CLANG_WARN_STRICT_PROTOTYPES = YES;
				CLANG_WARN_SUSPICIOUS_MOVE = YES;
				CLANG_WARN_UNGUARDED_AVAILABILITY = YES_AGGRESSIVE;
				CLANG_WARN_UNREACHABLE_CODE = YES;
				CLANG_WARN__DUPLICATE_METHOD_MATCH = YES;
				COPY_PHASE_STRIP = NO;
				DEBUG_INFORMATION_FORMAT = dwarf;
				ENABLE_STRICT_OBJC_MSGSEND = YES;
				ENABLE_TESTABILITY = YES;
				GCC_C_LANGUAGE_STANDARD = gnu11;
				GCC_DYNAMIC_NO_PIC = NO;
				GCC_NO_COMMON_BLOCKS = YES;
				GCC_OPTIMIZATION_LEVEL = 0;
				GCC_PREPROCESSOR_DEFINITIONS = (
					"DEBUG=1",
					"$(inherited)",
				);
				GCC_WARN_64_TO_32_BIT_CONVERSION = YES;
				GCC_WARN_ABOUT_RETURN_TYPE = YES_ERROR;
				GCC_WARN_UNDECLARED_SELECTOR = YES;
				GCC_WARN_UNINITIALIZED_AUTOS = YES_AGGRESSIVE;
				GCC_WARN_UNUSED_FUNCTION = YES;
				GCC_WARN_UNUSED_VARIABLE = YES;
				IPHONEOS_DEPLOYMENT_TARGET = 15.2;
				MTL_ENABLE_DEBUG_INFO = INCLUDE_SOURCE;
				MTL_FAST_MATH = YES;
				ONLY_ACTIVE_ARCH = YES;
				SDKROOT = iphoneos;
				SWIFT_ACTIVE_COMPILATION_CONDITIONS = DEBUG;
				SWIFT_OPTIMIZATION_LEVEL = "-Onone";
			};
			name = Debug;
		};
		BE270D72279CE8F000CFDAFF /* Release */ = {
			isa = XCBuildConfiguration;
			buildSettings = {
				ALWAYS_SEARCH_USER_PATHS = NO;
				CLANG_ANALYZER_NONNULL = YES;
				CLANG_ANALYZER_NUMBER_OBJECT_CONVERSION = YES_AGGRESSIVE;
				CLANG_CXX_LANGUAGE_STANDARD = "gnu++17";
				CLANG_CXX_LIBRARY = "libc++";
				CLANG_ENABLE_MODULES = YES;
				CLANG_ENABLE_OBJC_ARC = YES;
				CLANG_ENABLE_OBJC_WEAK = YES;
				CLANG_WARN_BLOCK_CAPTURE_AUTORELEASING = YES;
				CLANG_WARN_BOOL_CONVERSION = YES;
				CLANG_WARN_COMMA = YES;
				CLANG_WARN_CONSTANT_CONVERSION = YES;
				CLANG_WARN_DEPRECATED_OBJC_IMPLEMENTATIONS = YES;
				CLANG_WARN_DIRECT_OBJC_ISA_USAGE = YES_ERROR;
				CLANG_WARN_DOCUMENTATION_COMMENTS = YES;
				CLANG_WARN_EMPTY_BODY = YES;
				CLANG_WARN_ENUM_CONVERSION = YES;
				CLANG_WARN_INFINITE_RECURSION = YES;
				CLANG_WARN_INT_CONVERSION = YES;
				CLANG_WARN_NON_LITERAL_NULL_CONVERSION = YES;
				CLANG_WARN_OBJC_IMPLICIT_RETAIN_SELF = YES;
				CLANG_WARN_OBJC_LITERAL_CONVERSION = YES;
				CLANG_WARN_OBJC_ROOT_CLASS = YES_ERROR;
				CLANG_WARN_QUOTED_INCLUDE_IN_FRAMEWORK_HEADER = YES;
				CLANG_WARN_RANGE_LOOP_ANALYSIS = YES;
				CLANG_WARN_STRICT_PROTOTYPES = YES;
				CLANG_WARN_SUSPICIOUS_MOVE = YES;
				CLANG_WARN_UNGUARDED_AVAILABILITY = YES_AGGRESSIVE;
				CLANG_WARN_UNREACHABLE_CODE = YES;
				CLANG_WARN__DUPLICATE_METHOD_MATCH = YES;
				COPY_PHASE_STRIP = NO;
				DEBUG_INFORMATION_FORMAT = "dwarf-with-dsym";
				ENABLE_NS_ASSERTIONS = NO;
				ENABLE_STRICT_OBJC_MSGSEND = YES;
				GCC_C_LANGUAGE_STANDARD = gnu11;
				GCC_NO_COMMON_BLOCKS = YES;
				GCC_WARN_64_TO_32_BIT_CONVERSION = YES;
				GCC_WARN_ABOUT_RETURN_TYPE = YES_ERROR;
				GCC_WARN_UNDECLARED_SELECTOR = YES;
				GCC_WARN_UNINITIALIZED_AUTOS = YES_AGGRESSIVE;
				GCC_WARN_UNUSED_FUNCTION = YES;
				GCC_WARN_UNUSED_VARIABLE = YES;
				IPHONEOS_DEPLOYMENT_TARGET = 15.2;
				MTL_ENABLE_DEBUG_INFO = NO;
				MTL_FAST_MATH = YES;
				SDKROOT = iphoneos;
				SWIFT_COMPILATION_MODE = wholemodule;
				SWIFT_OPTIMIZATION_LEVEL = "-O";
				VALIDATE_PRODUCT = YES;
			};
			name = Release;
		};
		BE270D74279CE8F000CFDAFF /* Debug */ = {
			isa = XCBuildConfiguration;
			buildSettings = {
				ASSETCATALOG_COMPILER_APPICON_NAME = AppIcon;
				ASSETCATALOG_COMPILER_GLOBAL_ACCENT_COLOR_NAME = AccentColor;
				CODE_SIGN_STYLE = Automatic;
				CURRENT_PROJECT_VERSION = 1;
				DEVELOPMENT_ASSET_PATHS = "\"TestGit/Preview Content\"";
				ENABLE_PREVIEWS = YES;
				GENERATE_INFOPLIST_FILE = YES;
				INFOPLIST_KEY_UIApplicationSceneManifest_Generation = YES;
				INFOPLIST_KEY_UIApplicationSupportsIndirectInputEvents = YES;
				INFOPLIST_KEY_UILaunchScreen_Generation = YES;
				INFOPLIST_KEY_UISupportedInterfaceOrientations_iPad = "UIInterfaceOrientationPortrait UIInterfaceOrientationPortraitUpsideDown UIInterfaceOrientationLandscapeLeft UIInterfaceOrientationLandscapeRight";
				INFOPLIST_KEY_UISupportedInterfaceOrientations_iPhone = "UIInterfaceOrientationPortrait UIInterfaceOrientationLandscapeLeft UIInterfaceOrientationLandscapeRight";
				LD_RUNPATH_SEARCH_PATHS = (
					"$(inherited)",
					"@executable_path/Frameworks",
				);
				MARKETING_VERSION = 1.0;
				PRODUCT_BUNDLE_IDENTIFIER = com.shehan.TestGit;
				PRODUCT_NAME = "$(TARGET_NAME)";
				SWIFT_EMIT_LOC_STRINGS = YES;
				SWIFT_VERSION = 5.0;
				TARGETED_DEVICE_FAMILY = "1,2";
			};
			name = Debug;
		};
		BE270D75279CE8F000CFDAFF /* Release */ = {
			isa = XCBuildConfiguration;
			buildSettings = {
				ASSETCATALOG_COMPILER_APPICON_NAME = AppIcon;
				ASSETCATALOG_COMPILER_GLOBAL_ACCENT_COLOR_NAME = AccentColor;
				CODE_SIGN_STYLE = Automatic;
				CURRENT_PROJECT_VERSION = 1;
				DEVELOPMENT_ASSET_PATHS = "\"TestGit/Preview Content\"";
				ENABLE_PREVIEWS = YES;
				GENERATE_INFOPLIST_FILE = YES;
				INFOPLIST_KEY_UIApplicationSceneManifest_Generation = YES;
				INFOPLIST_KEY_UIApplicationSupportsIndirectInputEvents = YES;
				INFOPLIST_KEY_UILaunchScreen_Generation = YES;
				INFOPLIST_KEY_UISupportedInterfaceOrientations_iPad = "UIInterfaceOrientationPortrait UIInterfaceOrientationPortraitUpsideDown UIInterfaceOrientationLandscapeLeft UIInterfaceOrientationLandscapeRight";
				INFOPLIST_KEY_UISupportedInterfaceOrientations_iPhone = "UIInterfaceOrientationPortrait UIInterfaceOrientationLandscapeLeft UIInterfaceOrientationLandscapeRight";
				LD_RUNPATH_SEARCH_PATHS = (
					"$(inherited)",
					"@executable_path/Frameworks",
				);
				MARKETING_VERSION = 1.0;
				PRODUCT_BUNDLE_IDENTIFIER = com.shehan.TestGit;
				PRODUCT_NAME = "$(TARGET_NAME)";
				SWIFT_EMIT_LOC_STRINGS = YES;
				SWIFT_VERSION = 5.0;
				TARGETED_DEVICE_FAMILY = "1,2";
			};
			name = Release;
		};
		BE270D77279CE8F000CFDAFF /* Debug */ = {
			isa = XCBuildConfiguration;
			buildSettings = {
				ALWAYS_EMBED_SWIFT_STANDARD_LIBRARIES = YES;
				BUNDLE_LOADER = "$(TEST_HOST)";
				CODE_SIGN_STYLE = Automatic;
				CURRENT_PROJECT_VERSION = 1;
				GENERATE_INFOPLIST_FILE = YES;
				IPHONEOS_DEPLOYMENT_TARGET = 15.2;
				MARKETING_VERSION = 1.0;
				PRODUCT_BUNDLE_IDENTIFIER = com.shehan.TestGitTests;
				PRODUCT_NAME = "$(TARGET_NAME)";
				SWIFT_EMIT_LOC_STRINGS = NO;
				SWIFT_VERSION = 5.0;
				TARGETED_DEVICE_FAMILY = "1,2";
				TEST_HOST = "$(BUILT_PRODUCTS_DIR)/TestGit.app/TestGit";
			};
			name = Debug;
		};
		BE270D78279CE8F000CFDAFF /* Release */ = {
			isa = XCBuildConfiguration;
			buildSettings = {
				ALWAYS_EMBED_SWIFT_STANDARD_LIBRARIES = YES;
				BUNDLE_LOADER = "$(TEST_HOST)";
				CODE_SIGN_STYLE = Automatic;
				CURRENT_PROJECT_VERSION = 1;
				GENERATE_INFOPLIST_FILE = YES;
				IPHONEOS_DEPLOYMENT_TARGET = 15.2;
				MARKETING_VERSION = 1.0;
				PRODUCT_BUNDLE_IDENTIFIER = com.shehan.TestGitTests;
				PRODUCT_NAME = "$(TARGET_NAME)";
				SWIFT_EMIT_LOC_STRINGS = NO;
				SWIFT_VERSION = 5.0;
				TARGETED_DEVICE_FAMILY = "1,2";
				TEST_HOST = "$(BUILT_PRODUCTS_DIR)/TestGit.app/TestGit";
			};
			name = Release;
		};
		BE270D7A279CE8F000CFDAFF /* Debug */ = {
			isa = XCBuildConfiguration;
			buildSettings = {
				ALWAYS_EMBED_SWIFT_STANDARD_LIBRARIES = YES;
				CODE_SIGN_STYLE = Automatic;
				CURRENT_PROJECT_VERSION = 1;
				GENERATE_INFOPLIST_FILE = YES;
				MARKETING_VERSION = 1.0;
				PRODUCT_BUNDLE_IDENTIFIER = com.shehan.TestGitUITests;
				PRODUCT_NAME = "$(TARGET_NAME)";
				SWIFT_EMIT_LOC_STRINGS = NO;
				SWIFT_VERSION = 5.0;
				TARGETED_DEVICE_FAMILY = "1,2";
				TEST_TARGET_NAME = TestGit;
			};
			name = Debug;
		};
		BE270D7B279CE8F000CFDAFF /* Release */ = {
			isa = XCBuildConfiguration;
			buildSettings = {
				ALWAYS_EMBED_SWIFT_STANDARD_LIBRARIES = YES;
				CODE_SIGN_STYLE = Automatic;
				CURRENT_PROJECT_VERSION = 1;
				GENERATE_INFOPLIST_FILE = YES;
				MARKETING_VERSION = 1.0;
				PRODUCT_BUNDLE_IDENTIFIER = com.shehan.TestGitUITests;
				PRODUCT_NAME = "$(TARGET_NAME)";
				SWIFT_EMIT_LOC_STRINGS = NO;
				SWIFT_VERSION = 5.0;
				TARGETED_DEVICE_FAMILY = "1,2";
				TEST_TARGET_NAME = TestGit;
			};
			name = Release;
		};
/* End XCBuildConfiguration section */

/* Begin XCConfigurationList section */
		BE270D4A279CE8EE00CFDAFF /* Build configuration list for PBXProject "TestGit" */ = {
			isa = XCConfigurationList;
			buildConfigurations = (
				BE270D71279CE8F000CFDAFF /* Debug */,
				BE270D72279CE8F000CFDAFF /* Release */,
			);
			defaultConfigurationIsVisible = 0;
			defaultConfigurationName = Release;
		};
		BE270D73279CE8F000CFDAFF /* Build configuration list for PBXNativeTarget "TestGit" */ = {
			isa = XCConfigurationList;
			buildConfigurations = (
				BE270D74279CE8F000CFDAFF /* Debug */,
				BE270D75279CE8F000CFDAFF /* Release */,
			);
			defaultConfigurationIsVisible = 0;
			defaultConfigurationName = Release;
		};
		BE270D76279CE8F000CFDAFF /* Build configuration list for PBXNativeTarget "TestGitTests" */ = {
			isa = XCConfigurationList;
			buildConfigurations = (
				BE270D77279CE8F000CFDAFF /* Debug */,
				BE270D78279CE8F000CFDAFF /* Release */,
			);
			defaultConfigurationIsVisible = 0;
			defaultConfigurationName = Release;
		};
		BE270D79279CE8F000CFDAFF /* Build configuration list for PBXNativeTarget "TestGitUITests" */ = {
			isa = XCConfigurationList;
			buildConfigurations = (
				BE270D7A279CE8F000CFDAFF /* Debug */,
				BE270D7B279CE8F000CFDAFF /* Release */,
			);
			defaultConfigurationIsVisible = 0;
			defaultConfigurationName = Release;
		};
/* End XCConfigurationList section */
	};
	rootObject = BE270D47279CE8EE00CFDAFF /* Project object */;
}
